
Microsoft Visual Studio Solution File, Format Version 12.00
# Visual Studio 2012
Project("{8BC9CEB8-8B4A-11D0-8D11-00A0C91BC942}") = "ModelViewer", "ModelViewer.vcxproj", "{FD7847ED-37B6-322E-9433-2187B1D0D086}"
EndProject
Global
	GlobalSection(SolutionConfigurationPlatforms) = preSolution
		Debug|Win32 = Debug|Win32
		Debug|x64 = Debug|x64
		Release|Win32 = Release|Win32
		Release|x64 = Release|x64
	EndGlobalSection
	GlobalSection(ProjectConfigurationPlatforms) = postSolution
		{FD7847ED-37B6-322E-9433-2187B1D0D086}.Debug|Win32.ActiveCfg = Debug|Win32
		{FD7847ED-37B6-322E-9433-2187B1D0D086}.Debug|Win32.Build.0 = Debug|Win32
		{FD7847ED-37B6-322E-9433-2187B1D0D086}.Debug|x64.ActiveCfg = Debug|x64
		{FD7847ED-37B6-322E-9433-2187B1D0D086}.Debug|x64.Build.0 = Debug|x64
		{FD7847ED-37B6-322E-9433-2187B1D0D086}.Release|Win32.ActiveCfg = Release|Win32
		{FD7847ED-37B6-322E-9433-2187B1D0D086}.Release|Win32.Build.0 = Release|Win32
		{FD7847ED-37B6-322E-9433-2187B1D0D086}.Release|x64.ActiveCfg = Release|x64
		{FD7847ED-37B6-322E-9433-2187B1D0D086}.Release|x64.Build.0 = Release|x64
	EndGlobalSection
	GlobalSection(SolutionProperties) = preSolution
		HideSolutionNode = FALSE
	EndGlobalSection
EndGlobal
